
Microsoft Visual Studio Solution File, Format Version 12.00
# Visual Studio Version 17
VisualStudioVersion = 17.1.32210.238
MinimumVisualStudioVersion = 10.0.40219.1
Project("{FAE04EC0-301F-11D3-BF4B-00C04F79EFBC}") = "Tutorial1", "Tutorial1.csproj", "{39778150-9D4D-461E-A413-B785E26B4D53}"
EndProject
Global
	GlobalSection(SolutionConfigurationPlatforms) = preSolution
		Debug|Any CPU = Debug|Any CPU
		Release|Any CPU = Release|Any CPU
	EndGlobalSection
	GlobalSection(ProjectConfigurationPlatforms) = postSolution
		{39778150-9D4D-461E-A413-B785E26B4D53}.Debug|Any CPU.ActiveCfg = Debug|Any CPU
		{39778150-9D4D-461E-A413-B785E26B4D53}.Debug|Any CPU.Build.0 = Debug|Any CPU
		{39778150-9D4D-461E-A413-B785E26B4D53}.Release|Any CPU.ActiveCfg = Release|Any CPU
		{39778150-9D4D-461E-A413-B785E26B4D53}.Release|Any CPU.Build.0 = Release|Any CPU
	EndGlobalSection
	GlobalSection(SolutionProperties) = preSolution
		HideSolutionNode = FALSE
	EndGlobalSection
	GlobalSection(ExtensibilityGlobals) = postSolution
		SolutionGuid = {06E53F3F-0B91-4A4B-A92C-0F36B2AC3475}
	EndGlobalSection
EndGlobal
